<?xml version="1.0" encoding="utf-8"?>
<Project ToolsVersion="4.0" xmlns="http://schemas.microsoft.com/developer/msbuild/2003">
  <ItemGroup>
    <Filter Include="Model">
      <UniqueIdentifier>{c52ab48d-974e-4ce1-8a78-703b68a766fe}</UniqueIdentifier>
    </Filter>
    <Filter Include="Test">
      <UniqueIdentifier>{30de5b0c-66d4-4077-a2aa-b00870649805}</UniqueIdentifier>
    </Filter>
    <Filter Include="Controller">
      <UniqueIdentifier>{8c6d96fe-366b-4e43-a265-f6666e95f16f}</UniqueIdentifier>
    </Filter>
  </ItemGroup>
  <ItemGroup>
    <ClCompile Include="course.cpp">
      <Filter>Model</Filter>
    </ClCompile>
    <ClCompile Include="checkpoint.cpp">
      <Filter>Model</Filter>
    </ClCompile>
    <ClCompile Include="student.cpp">
      <Filter>Model</Filter>
    </ClCompile>
    <ClCompile Include="controller.cpp">
      <Filter>Controller</Filter>
    </ClCompile>
    <ClCompile Include="test.cpp">
      <Filter>Test</Filter>
    </ClCompile>
  </ItemGroup>
  <ItemGroup>
    <ClInclude Include="course.hpp">
      <Filter>Model</Filter>
    </ClInclude>
    <ClInclude Include="checkpoint.hpp">
      <Filter>Model</Filter>
    </ClInclude>
    <ClInclude Include="student.hpp">
      <Filter>Model</Filter>
    </ClInclude>
    <ClInclude Include="controller.hpp">
      <Filter>Controller</Filter>
    </ClInclude>
    <ClInclude Include="messages.hpp">
      <Filter>Controller</Filter>
    </ClInclude>
    <ClInclude Include="controlform.hpp">
      <Filter>Model</Filter>
    </ClInclude>
    <ClInclude Include="utils.hpp">
      <Filter>Model</Filter>
    </ClInclude>
    <ClInclude Include="testslib.hpp">
      <Filter>Test</Filter>
    </ClInclude>
  </ItemGroup>
</Project>