<?xml version="1.0" encoding="utf-8"?>
<Project ToolsVersion="4.0" xmlns="http://schemas.microsoft.com/developer/msbuild/2003">
  <ItemGroup>
    <Filter Include="Model">
      <UniqueIdentifier>{56042441-3e8c-491e-a208-cc0c26406ada}</UniqueIdentifier>
    </Filter>
    <Filter Include="Application">
      <UniqueIdentifier>{7cea0771-dcfd-4dd1-ac20-f77542ce0fc5}</UniqueIdentifier>
    </Filter>
    <Filter Include="Test">
      <UniqueIdentifier>{b9f18d6d-24e3-49e9-acd6-dc9faae22844}</UniqueIdentifier>
    </Filter>
  </ItemGroup>
  <ItemGroup>
    <ClCompile Include="controller.cpp">
      <Filter>Application</Filter>
    </ClCompile>
    <ClCompile Include="test.cpp">
      <Filter>Test</Filter>
    </ClCompile>
    <ClCompile Include="topic.cpp">
      <Filter>Model</Filter>
    </ClCompile>
    <ClCompile Include="lecture.cpp">
      <Filter>Model</Filter>
    </ClCompile>
  </ItemGroup>
  <ItemGroup>
    <ClInclude Include="controller.hpp">
      <Filter>Application</Filter>
    </ClInclude>
    <ClInclude Include="testslib.hpp">
      <Filter>Test</Filter>
    </ClInclude>
    <ClInclude Include="messages.hpp">
      <Filter>Application</Filter>
    </ClInclude>
    <ClInclude Include="topic.hpp">
      <Filter>Model</Filter>
    </ClInclude>
    <ClInclude Include="lecture.hpp">
      <Filter>Model</Filter>
    </ClInclude>
  </ItemGroup>
</Project>