<?xml version="1.0" encoding="utf-8"?>
<Project ToolsVersion="4.0" xmlns="http://schemas.microsoft.com/developer/msbuild/2003">
  <ItemGroup>
    <Filter Include="Model">
      <UniqueIdentifier>{72bddd92-6db5-4dcc-b793-672cab8b7679}</UniqueIdentifier>
    </Filter>
    <Filter Include="Application">
      <UniqueIdentifier>{dae3969e-2dfc-4d05-b359-b87c7e43bba2}</UniqueIdentifier>
    </Filter>
    <Filter Include="Test">
      <UniqueIdentifier>{0c9a0092-ddd2-4c0a-bc7f-6cbf7f11575c}</UniqueIdentifier>
    </Filter>
  </ItemGroup>
  <ItemGroup>
    <ClCompile Include="foodproduct.cpp">
      <Filter>Model</Filter>
    </ClCompile>
    <ClCompile Include="menu.cpp">
      <Filter>Model</Filter>
    </ClCompile>
    <ClCompile Include="controller.cpp">
      <Filter>Application</Filter>
    </ClCompile>
    <ClCompile Include="test.cpp">
      <Filter>Test</Filter>
    </ClCompile>
    <ClCompile Include="foodcomponents.cpp">
      <Filter>Model</Filter>
    </ClCompile>
  </ItemGroup>
  <ItemGroup>
    <ClInclude Include="foodproduct.hpp">
      <Filter>Model</Filter>
    </ClInclude>
    <ClInclude Include="menu.hpp">
      <Filter>Model</Filter>
    </ClInclude>
    <ClInclude Include="messages.hpp">
      <Filter>Application</Filter>
    </ClInclude>
    <ClInclude Include="controller.hpp">
      <Filter>Application</Filter>
    </ClInclude>
    <ClInclude Include="foodcomponents.hpp">
      <Filter>Model</Filter>
    </ClInclude>
    <ClInclude Include="testslib.hpp">
      <Filter>Test</Filter>
    </ClInclude>
  </ItemGroup>
</Project>