<?xml version="1.0" encoding="utf-8"?>
<Project ToolsVersion="4.0" xmlns="http://schemas.microsoft.com/developer/msbuild/2003">
  <ItemGroup>
    <Filter Include="Model">
      <UniqueIdentifier>{6d522f72-0914-41c0-b667-fa0280be2faa}</UniqueIdentifier>
    </Filter>
    <Filter Include="Test">
      <UniqueIdentifier>{a4764e6f-545e-41d4-b3c3-ebe65e8502a5}</UniqueIdentifier>
    </Filter>
    <Filter Include="Application">
      <UniqueIdentifier>{43c4097a-9dfd-41db-8380-4308ddc2a8e9}</UniqueIdentifier>
    </Filter>
  </ItemGroup>
  <ItemGroup>
    <ClInclude Include="messages.hpp">
      <Filter>Application</Filter>
    </ClInclude>
    <ClInclude Include="controller.hpp">
      <Filter>Application</Filter>
    </ClInclude>
    <ClInclude Include="testslib.hpp">
      <Filter>Test</Filter>
    </ClInclude>
    <ClInclude Include="document.hpp">
      <Filter>Model</Filter>
    </ClInclude>
    <ClInclude Include="user.hpp">
      <Filter>Model</Filter>
    </ClInclude>
    <ClInclude Include="ownershiprights.hpp">
      <Filter>Model</Filter>
    </ClInclude>
  </ItemGroup>
  <ItemGroup>
    <ClCompile Include="controller.cpp">
      <Filter>Application</Filter>
    </ClCompile>
    <ClCompile Include="test.cpp">
      <Filter>Test</Filter>
    </ClCompile>
    <ClCompile Include="document.cpp">
      <Filter>Model</Filter>
    </ClCompile>
    <ClCompile Include="user.cpp">
      <Filter>Model</Filter>
    </ClCompile>
  </ItemGroup>
</Project>